
Microsoft Visual Studio Solution File, Format Version 12.00
# Visual Studio Version 17
VisualStudioVersion = 17.8.34511.84
MinimumVisualStudioVersion = 10.0.40219.1
Project("{FAE04EC0-301F-11D3-BF4B-00C04F79EFBC}") = "Consollaplication", "Consollaplication\Consollaplication.csproj", "{E10DAA3F-1D9A-429F-8C64-AF6937CC002D}"
EndProject
Global
	GlobalSection(SolutionConfigurationPlatforms) = preSolution
		Debug|Any CPU = Debug|Any CPU
		Release|Any CPU = Release|Any CPU
	EndGlobalSection
	GlobalSection(ProjectConfigurationPlatforms) = postSolution
		{E10DAA3F-1D9A-429F-8C64-AF6937CC002D}.Debug|Any CPU.ActiveCfg = Debug|Any CPU
		{E10DAA3F-1D9A-429F-8C64-AF6937CC002D}.Debug|Any CPU.Build.0 = Debug|Any CPU
		{E10DAA3F-1D9A-429F-8C64-AF6937CC002D}.Release|Any CPU.ActiveCfg = Release|Any CPU
		{E10DAA3F-1D9A-429F-8C64-AF6937CC002D}.Release|Any CPU.Build.0 = Release|Any CPU
	EndGlobalSection
	GlobalSection(SolutionProperties) = preSolution
		HideSolutionNode = FALSE
	EndGlobalSection
	GlobalSection(ExtensibilityGlobals) = postSolution
		SolutionGuid = {904432FA-3B6F-421D-965D-229B18B072E8}
	EndGlobalSection
EndGlobal
